
Microsoft Visual Studio Solution File, Format Version 12.00
# Visual Studio Version 17
VisualStudioVersion = 17.7.34221.43
MinimumVisualStudioVersion = 10.0.40219.1
Project("{FAE04EC0-301F-11D3-BF4B-00C04F79EFBC}") = "zxcPIZDA", "zxcPIZDA\zxcPIZDA.csproj", "{9ECE127E-CCBC-4313-83FE-CA60CE4E2E92}"
EndProject
Global
	GlobalSection(SolutionConfigurationPlatforms) = preSolution
		Debug|Any CPU = Debug|Any CPU
		Release|Any CPU = Release|Any CPU
	EndGlobalSection
	GlobalSection(ProjectConfigurationPlatforms) = postSolution
		{9ECE127E-CCBC-4313-83FE-CA60CE4E2E92}.Debug|Any CPU.ActiveCfg = Debug|Any CPU
		{9ECE127E-CCBC-4313-83FE-CA60CE4E2E92}.Debug|Any CPU.Build.0 = Debug|Any CPU
		{9ECE127E-CCBC-4313-83FE-CA60CE4E2E92}.Release|Any CPU.ActiveCfg = Release|Any CPU
		{9ECE127E-CCBC-4313-83FE-CA60CE4E2E92}.Release|Any CPU.Build.0 = Release|Any CPU
	EndGlobalSection
	GlobalSection(SolutionProperties) = preSolution
		HideSolutionNode = FALSE
	EndGlobalSection
	GlobalSection(ExtensibilityGlobals) = postSolution
		SolutionGuid = {5E24889E-702A-4215-A6FC-76A38F6262AB}
	EndGlobalSection
EndGlobal
